
Microsoft Visual Studio Solution File, Format Version 11.00
# Visual Studio 2010
Project("{FAE04EC0-301F-11D3-BF4B-00C04F79EFBC}") = "UV_DLP_3D_Printer", "UV_DLP_3D_Printer\UV_DLP_3D_Printer.csproj", "{6AFDB07F-AC3C-48FC-8DA4-05B7892A8930}"
EndProject
Global
	GlobalSection(SolutionConfigurationPlatforms) = preSolution
		Debug|Any CPU = Debug|Any CPU
		Release|Any CPU = Release|Any CPU
	EndGlobalSection
	GlobalSection(ProjectConfigurationPlatforms) = postSolution
		{6AFDB07F-AC3C-48FC-8DA4-05B7892A8930}.Debug|Any CPU.ActiveCfg = Debug|Any CPU
		{6AFDB07F-AC3C-48FC-8DA4-05B7892A8930}.Debug|Any CPU.Build.0 = Debug|Any CPU
		{6AFDB07F-AC3C-48FC-8DA4-05B7892A8930}.Release|Any CPU.ActiveCfg = Release|Any CPU
		{6AFDB07F-AC3C-48FC-8DA4-05B7892A8930}.Release|Any CPU.Build.0 = Release|Any CPU
	EndGlobalSection
	GlobalSection(SolutionProperties) = preSolution
		HideSolutionNode = FALSE
	EndGlobalSection
EndGlobal
